
Microsoft Visual Studio Solution File, Format Version 12.00
# Visual Studio Version 16
VisualStudioVersion = 16.0.29926.136
MinimumVisualStudioVersion = 10.0.40219.1
Project("{9A19103F-16F7-4668-BE54-9A1E7A4F7556}") = "RPN", "RPN\RPN.csproj", "{5F232765-B995-42ED-8677-EEC65BF7C092}"
EndProject
Global
	GlobalSection(SolutionConfigurationPlatforms) = preSolution
		Debug|Any CPU = Debug|Any CPU
		Release|Any CPU = Release|Any CPU
	EndGlobalSection
	GlobalSection(ProjectConfigurationPlatforms) = postSolution
		{5F232765-B995-42ED-8677-EEC65BF7C092}.Debug|Any CPU.ActiveCfg = Debug|Any CPU
		{5F232765-B995-42ED-8677-EEC65BF7C092}.Debug|Any CPU.Build.0 = Debug|Any CPU
		{5F232765-B995-42ED-8677-EEC65BF7C092}.Release|Any CPU.ActiveCfg = Release|Any CPU
		{5F232765-B995-42ED-8677-EEC65BF7C092}.Release|Any CPU.Build.0 = Release|Any CPU
	EndGlobalSection
	GlobalSection(SolutionProperties) = preSolution
		HideSolutionNode = FALSE
	EndGlobalSection
	GlobalSection(ExtensibilityGlobals) = postSolution
		SolutionGuid = {51808F2D-03AA-425D-8264-A0EEF390FA6C}
	EndGlobalSection
EndGlobal
